# This file is automatically @generated by Cargo.
# It is not intended for manual editing.
version = 4

[[package]]
name = "musicd"
version = "0.1.0"
dependencies = [
 "musicd-core",
 "musicd-upnp",
]

[[package]]
name = "musicd-core"
version = "0.1.0"

[[package]]
name = "musicd-upnp"
version = "0.1.0"
